
Microsoft Visual Studio Solution File, Format Version 12.00
# Visual Studio Version 16
VisualStudioVersion = 16.0.30907.101
MinimumVisualStudioVersion = 10.0.40219.1
Project("{FAE04EC0-301F-11D3-BF4B-00C04F79EFBC}") = "Globomantics", "Globomantics\Globomantics.csproj", "{C3E775EB-9004-466A-A6CC-B5589D4E50B1}"
EndProject
Project("{FAE04EC0-301F-11D3-BF4B-00C04F79EFBC}") = "Globomantics.Tests", "Globomantics.Tests\Globomantics.Tests.csproj", "{FF523D9A-BCDB-43CD-9700-8F0F53DCA51F}"
EndProject
Global
	GlobalSection(SolutionConfigurationPlatforms) = preSolution
		Debug|Any CPU = Debug|Any CPU
		Release|Any CPU = Release|Any CPU
	EndGlobalSection
	GlobalSection(ProjectConfigurationPlatforms) = postSolution
		{C3E775EB-9004-466A-A6CC-B5589D4E50B1}.Debug|Any CPU.ActiveCfg = Debug|Any CPU
		{C3E775EB-9004-466A-A6CC-B5589D4E50B1}.Debug|Any CPU.Build.0 = Debug|Any CPU
		{C3E775EB-9004-466A-A6CC-B5589D4E50B1}.Release|Any CPU.ActiveCfg = Release|Any CPU
		{C3E775EB-9004-466A-A6CC-B5589D4E50B1}.Release|Any CPU.Build.0 = Release|Any CPU
		{FF523D9A-BCDB-43CD-9700-8F0F53DCA51F}.Debug|Any CPU.ActiveCfg = Debug|Any CPU
		{FF523D9A-BCDB-43CD-9700-8F0F53DCA51F}.Debug|Any CPU.Build.0 = Debug|Any CPU
		{FF523D9A-BCDB-43CD-9700-8F0F53DCA51F}.Release|Any CPU.ActiveCfg = Release|Any CPU
		{FF523D9A-BCDB-43CD-9700-8F0F53DCA51F}.Release|Any CPU.Build.0 = Release|Any CPU
	EndGlobalSection
	GlobalSection(SolutionProperties) = preSolution
		HideSolutionNode = FALSE
	EndGlobalSection
	GlobalSection(ExtensibilityGlobals) = postSolution
		SolutionGuid = {99E4792D-C118-4815-8F0C-549957FF5ED4}
	EndGlobalSection
EndGlobal
